
Microsoft Visual Studio Solution File, Format Version 12.00
# Visual Studio 15
VisualStudioVersion = 15.0.26124.0
MinimumVisualStudioVersion = 15.0.26124.0
Project("{FAE04EC0-301F-11D3-BF4B-00C04F79EFBC}") = "PokerLib", "PokerLib\PokerLib.csproj", "{80425679-4E22-476C-923D-6D08E91B88FD}"
EndProject
Project("{FAE04EC0-301F-11D3-BF4B-00C04F79EFBC}") = "PokerLib.UnitTest", "PokerLib.UnitTest\PokerLib.UnitTest.csproj", "{D5925410-3DC1-47F2-9691-333B3D54572D}"
EndProject
Global
	GlobalSection(SolutionConfigurationPlatforms) = preSolution
		Debug|Any CPU = Debug|Any CPU
		Debug|x64 = Debug|x64
		Debug|x86 = Debug|x86
		Release|Any CPU = Release|Any CPU
		Release|x64 = Release|x64
		Release|x86 = Release|x86
	EndGlobalSection
	GlobalSection(SolutionProperties) = preSolution
		HideSolutionNode = FALSE
	EndGlobalSection
	GlobalSection(ProjectConfigurationPlatforms) = postSolution
		{80425679-4E22-476C-923D-6D08E91B88FD}.Debug|Any CPU.ActiveCfg = Debug|Any CPU
		{80425679-4E22-476C-923D-6D08E91B88FD}.Debug|Any CPU.Build.0 = Debug|Any CPU
		{80425679-4E22-476C-923D-6D08E91B88FD}.Debug|x64.ActiveCfg = Debug|Any CPU
		{80425679-4E22-476C-923D-6D08E91B88FD}.Debug|x64.Build.0 = Debug|Any CPU
		{80425679-4E22-476C-923D-6D08E91B88FD}.Debug|x86.ActiveCfg = Debug|Any CPU
		{80425679-4E22-476C-923D-6D08E91B88FD}.Debug|x86.Build.0 = Debug|Any CPU
		{80425679-4E22-476C-923D-6D08E91B88FD}.Release|Any CPU.ActiveCfg = Release|Any CPU
		{80425679-4E22-476C-923D-6D08E91B88FD}.Release|Any CPU.Build.0 = Release|Any CPU
		{80425679-4E22-476C-923D-6D08E91B88FD}.Release|x64.ActiveCfg = Release|Any CPU
		{80425679-4E22-476C-923D-6D08E91B88FD}.Release|x64.Build.0 = Release|Any CPU
		{80425679-4E22-476C-923D-6D08E91B88FD}.Release|x86.ActiveCfg = Release|Any CPU
		{80425679-4E22-476C-923D-6D08E91B88FD}.Release|x86.Build.0 = Release|Any CPU
		{D5925410-3DC1-47F2-9691-333B3D54572D}.Debug|Any CPU.ActiveCfg = Debug|Any CPU
		{D5925410-3DC1-47F2-9691-333B3D54572D}.Debug|Any CPU.Build.0 = Debug|Any CPU
		{D5925410-3DC1-47F2-9691-333B3D54572D}.Debug|x64.ActiveCfg = Debug|Any CPU
		{D5925410-3DC1-47F2-9691-333B3D54572D}.Debug|x64.Build.0 = Debug|Any CPU
		{D5925410-3DC1-47F2-9691-333B3D54572D}.Debug|x86.ActiveCfg = Debug|Any CPU
		{D5925410-3DC1-47F2-9691-333B3D54572D}.Debug|x86.Build.0 = Debug|Any CPU
		{D5925410-3DC1-47F2-9691-333B3D54572D}.Release|Any CPU.ActiveCfg = Release|Any CPU
		{D5925410-3DC1-47F2-9691-333B3D54572D}.Release|Any CPU.Build.0 = Release|Any CPU
		{D5925410-3DC1-47F2-9691-333B3D54572D}.Release|x64.ActiveCfg = Release|Any CPU
		{D5925410-3DC1-47F2-9691-333B3D54572D}.Release|x64.Build.0 = Release|Any CPU
		{D5925410-3DC1-47F2-9691-333B3D54572D}.Release|x86.ActiveCfg = Release|Any CPU
		{D5925410-3DC1-47F2-9691-333B3D54572D}.Release|x86.Build.0 = Release|Any CPU
	EndGlobalSection
EndGlobal
